
Microsoft Visual Studio Solution File, Format Version 12.00
# Visual Studio Version 16
VisualStudioVersion = 16.0.29613.14
MinimumVisualStudioVersion = 10.0.40219.1
Project("{FAE04EC0-301F-11D3-BF4B-00C04F79EFBC}") = "TabLimitter", "TabLimitter.csproj", "{3CF060DA-19F8-405A-B4E7-0CB4466BE8D5}"
EndProject
Global
	GlobalSection(SolutionConfigurationPlatforms) = preSolution
		Debug|Any CPU = Debug|Any CPU
		Release|Any CPU = Release|Any CPU
	EndGlobalSection
	GlobalSection(ProjectConfigurationPlatforms) = postSolution
		{3CF060DA-19F8-405A-B4E7-0CB4466BE8D5}.Debug|Any CPU.ActiveCfg = Debug|Any CPU
		{3CF060DA-19F8-405A-B4E7-0CB4466BE8D5}.Debug|Any CPU.Build.0 = Debug|Any CPU
		{3CF060DA-19F8-405A-B4E7-0CB4466BE8D5}.Release|Any CPU.ActiveCfg = Release|Any CPU
		{3CF060DA-19F8-405A-B4E7-0CB4466BE8D5}.Release|Any CPU.Build.0 = Release|Any CPU
	EndGlobalSection
	GlobalSection(SolutionProperties) = preSolution
		HideSolutionNode = FALSE
	EndGlobalSection
	GlobalSection(ExtensibilityGlobals) = postSolution
		SolutionGuid = {CA7CC899-6836-4BAA-B58E-8CA6AC75CAD1}
	EndGlobalSection
EndGlobal
